
Microsoft Visual Studio Solution File, Format Version 12.00
# Visual Studio Version 17
VisualStudioVersion = 17.0.31903.59
MinimumVisualStudioVersion = 10.0.40219.1
Project("{FAE04EC0-301F-11D3-BF4B-00C04F79EFBC}") = "serpapi", "serpapi\serpapi.csproj", "{A19DE802-4B8B-4C91-B3B4-72406AFC021A}"
EndProject
Project("{FAE04EC0-301F-11D3-BF4B-00C04F79EFBC}") = "test", "test\test.csproj", "{D55A3CE6-BB75-4C55-809B-D2BD674FE6B4}"
EndProject
Project("{2150E333-8FDC-42A3-9474-1A3956D46DE8}") = "examples", "examples", "{BF681C3C-C5DC-46D2-86F1-7BA2EBA527D2}"
EndProject
Project("{FAE04EC0-301F-11D3-BF4B-00C04F79EFBC}") = "BasicSearch", "examples\BasicSearch\BasicSearch.csproj", "{552B284B-E448-4D5E-9F6A-7ADAC0C3A06B}"
EndProject
Project("{FAE04EC0-301F-11D3-BF4B-00C04F79EFBC}") = "AsyncSearch", "examples\AsyncSearch\AsyncSearch.csproj", "{31E6CE4F-506E-4147-B96B-6B3DA2CE21F1}"
EndProject
Project("{FAE04EC0-301F-11D3-BF4B-00C04F79EFBC}") = "Pagination", "examples\Pagination\Pagination.csproj", "{77FFC674-758F-42BE-90BF-347E4F982482}"
EndProject
Project("{FAE04EC0-301F-11D3-BF4B-00C04F79EFBC}") = "MultipleEngines", "examples\MultipleEngines\MultipleEngines.csproj", "{7AF00ABC-A60D-4D07-BB00-EE0C355570EF}"
EndProject
Project("{FAE04EC0-301F-11D3-BF4B-00C04F79EFBC}") = "ErrorHandling", "examples\ErrorHandling\ErrorHandling.csproj", "{E57BAB63-ACB0-453A-807E-8F3E45957786}"
EndProject
Project("{FAE04EC0-301F-11D3-BF4B-00C04F79EFBC}") = "DependencyInjection", "examples\DependencyInjection\DependencyInjection.csproj", "{5C91ABFB-D611-4549-8698-F1111A983443}"
EndProject
Project("{FAE04EC0-301F-11D3-BF4B-00C04F79EFBC}") = "ResearchFanOut", "examples\ResearchFanOut\ResearchFanOut.csproj", "{63BFA818-0415-48EB-AB7F-A187200A70BF}"
EndProject
Project("{FAE04EC0-301F-11D3-BF4B-00C04F79EFBC}") = "ProgressiveRefinement", "examples\ProgressiveRefinement\ProgressiveRefinement.csproj", "{F0DB5624-9D96-43AE-A097-14DC8F606F63}"
EndProject
Global
	GlobalSection(SolutionConfigurationPlatforms) = preSolution
		Debug|Any CPU = Debug|Any CPU
		Debug|x64 = Debug|x64
		Debug|x86 = Debug|x86
		Release|Any CPU = Release|Any CPU
		Release|x64 = Release|x64
		Release|x86 = Release|x86
	EndGlobalSection
	GlobalSection(ProjectConfigurationPlatforms) = postSolution
		{A19DE802-4B8B-4C91-B3B4-72406AFC021A}.Debug|Any CPU.ActiveCfg = Debug|Any CPU
		{A19DE802-4B8B-4C91-B3B4-72406AFC021A}.Debug|Any CPU.Build.0 = Debug|Any CPU
		{A19DE802-4B8B-4C91-B3B4-72406AFC021A}.Debug|x64.ActiveCfg = Debug|Any CPU
		{A19DE802-4B8B-4C91-B3B4-72406AFC021A}.Debug|x64.Build.0 = Debug|Any CPU
		{A19DE802-4B8B-4C91-B3B4-72406AFC021A}.Debug|x86.ActiveCfg = Debug|Any CPU
		{A19DE802-4B8B-4C91-B3B4-72406AFC021A}.Debug|x86.Build.0 = Debug|Any CPU
		{A19DE802-4B8B-4C91-B3B4-72406AFC021A}.Release|Any CPU.ActiveCfg = Release|Any CPU
		{A19DE802-4B8B-4C91-B3B4-72406AFC021A}.Release|Any CPU.Build.0 = Release|Any CPU
		{A19DE802-4B8B-4C91-B3B4-72406AFC021A}.Release|x64.ActiveCfg = Release|Any CPU
		{A19DE802-4B8B-4C91-B3B4-72406AFC021A}.Release|x64.Build.0 = Release|Any CPU
		{A19DE802-4B8B-4C91-B3B4-72406AFC021A}.Release|x86.ActiveCfg = Release|Any CPU
		{A19DE802-4B8B-4C91-B3B4-72406AFC021A}.Release|x86.Build.0 = Release|Any CPU
		{D55A3CE6-BB75-4C55-809B-D2BD674FE6B4}.Debug|Any CPU.ActiveCfg = Debug|Any CPU
		{D55A3CE6-BB75-4C55-809B-D2BD674FE6B4}.Debug|Any CPU.Build.0 = Debug|Any CPU
		{D55A3CE6-BB75-4C55-809B-D2BD674FE6B4}.Debug|x64.ActiveCfg = Debug|Any CPU
		{D55A3CE6-BB75-4C55-809B-D2BD674FE6B4}.Debug|x64.Build.0 = Debug|Any CPU
		{D55A3CE6-BB75-4C55-809B-D2BD674FE6B4}.Debug|x86.ActiveCfg = Debug|Any CPU
		{D55A3CE6-BB75-4C55-809B-D2BD674FE6B4}.Debug|x86.Build.0 = Debug|Any CPU
		{D55A3CE6-BB75-4C55-809B-D2BD674FE6B4}.Release|Any CPU.ActiveCfg = Release|Any CPU
		{D55A3CE6-BB75-4C55-809B-D2BD674FE6B4}.Release|Any CPU.Build.0 = Release|Any CPU
		{D55A3CE6-BB75-4C55-809B-D2BD674FE6B4}.Release|x64.ActiveCfg = Release|Any CPU
		{D55A3CE6-BB75-4C55-809B-D2BD674FE6B4}.Release|x64.Build.0 = Release|Any CPU
		{D55A3CE6-BB75-4C55-809B-D2BD674FE6B4}.Release|x86.ActiveCfg = Release|Any CPU
		{D55A3CE6-BB75-4C55-809B-D2BD674FE6B4}.Release|x86.Build.0 = Release|Any CPU
		{552B284B-E448-4D5E-9F6A-7ADAC0C3A06B}.Debug|Any CPU.ActiveCfg = Debug|Any CPU
		{552B284B-E448-4D5E-9F6A-7ADAC0C3A06B}.Debug|Any CPU.Build.0 = Debug|Any CPU
		{552B284B-E448-4D5E-9F6A-7ADAC0C3A06B}.Debug|x64.ActiveCfg = Debug|Any CPU
		{552B284B-E448-4D5E-9F6A-7ADAC0C3A06B}.Debug|x64.Build.0 = Debug|Any CPU
		{552B284B-E448-4D5E-9F6A-7ADAC0C3A06B}.Debug|x86.ActiveCfg = Debug|Any CPU
		{552B284B-E448-4D5E-9F6A-7ADAC0C3A06B}.Debug|x86.Build.0 = Debug|Any CPU
		{552B284B-E448-4D5E-9F6A-7ADAC0C3A06B}.Release|Any CPU.ActiveCfg = Release|Any CPU
		{552B284B-E448-4D5E-9F6A-7ADAC0C3A06B}.Release|Any CPU.Build.0 = Release|Any CPU
		{552B284B-E448-4D5E-9F6A-7ADAC0C3A06B}.Release|x64.ActiveCfg = Release|Any CPU
		{552B284B-E448-4D5E-9F6A-7ADAC0C3A06B}.Release|x64.Build.0 = Release|Any CPU
		{552B284B-E448-4D5E-9F6A-7ADAC0C3A06B}.Release|x86.ActiveCfg = Release|Any CPU
		{552B284B-E448-4D5E-9F6A-7ADAC0C3A06B}.Release|x86.Build.0 = Release|Any CPU
		{31E6CE4F-506E-4147-B96B-6B3DA2CE21F1}.Debug|Any CPU.ActiveCfg = Debug|Any CPU
		{31E6CE4F-506E-4147-B96B-6B3DA2CE21F1}.Debug|Any CPU.Build.0 = Debug|Any CPU
		{31E6CE4F-506E-4147-B96B-6B3DA2CE21F1}.Debug|x64.ActiveCfg = Debug|Any CPU
		{31E6CE4F-506E-4147-B96B-6B3DA2CE21F1}.Debug|x64.Build.0 = Debug|Any CPU
		{31E6CE4F-506E-4147-B96B-6B3DA2CE21F1}.Debug|x86.ActiveCfg = Debug|Any CPU
		{31E6CE4F-506E-4147-B96B-6B3DA2CE21F1}.Debug|x86.Build.0 = Debug|Any CPU
		{31E6CE4F-506E-4147-B96B-6B3DA2CE21F1}.Release|Any CPU.ActiveCfg = Release|Any CPU
		{31E6CE4F-506E-4147-B96B-6B3DA2CE21F1}.Release|Any CPU.Build.0 = Release|Any CPU
		{31E6CE4F-506E-4147-B96B-6B3DA2CE21F1}.Release|x64.ActiveCfg = Release|Any CPU
		{31E6CE4F-506E-4147-B96B-6B3DA2CE21F1}.Release|x64.Build.0 = Release|Any CPU
		{31E6CE4F-506E-4147-B96B-6B3DA2CE21F1}.Release|x86.ActiveCfg = Release|Any CPU
		{31E6CE4F-506E-4147-B96B-6B3DA2CE21F1}.Release|x86.Build.0 = Release|Any CPU
		{77FFC674-758F-42BE-90BF-347E4F982482}.Debug|Any CPU.ActiveCfg = Debug|Any CPU
		{77FFC674-758F-42BE-90BF-347E4F982482}.Debug|Any CPU.Build.0 = Debug|Any CPU
		{77FFC674-758F-42BE-90BF-347E4F982482}.Debug|x64.ActiveCfg = Debug|Any CPU
		{77FFC674-758F-42BE-90BF-347E4F982482}.Debug|x64.Build.0 = Debug|Any CPU
		{77FFC674-758F-42BE-90BF-347E4F982482}.Debug|x86.ActiveCfg = Debug|Any CPU
		{77FFC674-758F-42BE-90BF-347E4F982482}.Debug|x86.Build.0 = Debug|Any CPU
		{77FFC674-758F-42BE-90BF-347E4F982482}.Release|Any CPU.ActiveCfg = Release|Any CPU
		{77FFC674-758F-42BE-90BF-347E4F982482}.Release|Any CPU.Build.0 = Release|Any CPU
		{77FFC674-758F-42BE-90BF-347E4F982482}.Release|x64.ActiveCfg = Release|Any CPU
		{77FFC674-758F-42BE-90BF-347E4F982482}.Release|x64.Build.0 = Release|Any CPU
		{77FFC674-758F-42BE-90BF-347E4F982482}.Release|x86.ActiveCfg = Release|Any CPU
		{77FFC674-758F-42BE-90BF-347E4F982482}.Release|x86.Build.0 = Release|Any CPU
		{7AF00ABC-A60D-4D07-BB00-EE0C355570EF}.Debug|Any CPU.ActiveCfg = Debug|Any CPU
		{7AF00ABC-A60D-4D07-BB00-EE0C355570EF}.Debug|Any CPU.Build.0 = Debug|Any CPU
		{7AF00ABC-A60D-4D07-BB00-EE0C355570EF}.Debug|x64.ActiveCfg = Debug|Any CPU
		{7AF00ABC-A60D-4D07-BB00-EE0C355570EF}.Debug|x64.Build.0 = Debug|Any CPU
		{7AF00ABC-A60D-4D07-BB00-EE0C355570EF}.Debug|x86.ActiveCfg = Debug|Any CPU
		{7AF00ABC-A60D-4D07-BB00-EE0C355570EF}.Debug|x86.Build.0 = Debug|Any CPU
		{7AF00ABC-A60D-4D07-BB00-EE0C355570EF}.Release|Any CPU.ActiveCfg = Release|Any CPU
		{7AF00ABC-A60D-4D07-BB00-EE0C355570EF}.Release|Any CPU.Build.0 = Release|Any CPU
		{7AF00ABC-A60D-4D07-BB00-EE0C355570EF}.Release|x64.ActiveCfg = Release|Any CPU
		{7AF00ABC-A60D-4D07-BB00-EE0C355570EF}.Release|x64.Build.0 = Release|Any CPU
		{7AF00ABC-A60D-4D07-BB00-EE0C355570EF}.Release|x86.ActiveCfg = Release|Any CPU
		{7AF00ABC-A60D-4D07-BB00-EE0C355570EF}.Release|x86.Build.0 = Release|Any CPU
		{E57BAB63-ACB0-453A-807E-8F3E45957786}.Debug|Any CPU.ActiveCfg = Debug|Any CPU
		{E57BAB63-ACB0-453A-807E-8F3E45957786}.Debug|Any CPU.Build.0 = Debug|Any CPU
		{E57BAB63-ACB0-453A-807E-8F3E45957786}.Debug|x64.ActiveCfg = Debug|Any CPU
		{E57BAB63-ACB0-453A-807E-8F3E45957786}.Debug|x64.Build.0 = Debug|Any CPU
		{E57BAB63-ACB0-453A-807E-8F3E45957786}.Debug|x86.ActiveCfg = Debug|Any CPU
		{E57BAB63-ACB0-453A-807E-8F3E45957786}.Debug|x86.Build.0 = Debug|Any CPU
		{E57BAB63-ACB0-453A-807E-8F3E45957786}.Release|Any CPU.ActiveCfg = Release|Any CPU
		{E57BAB63-ACB0-453A-807E-8F3E45957786}.Release|Any CPU.Build.0 = Release|Any CPU
		{E57BAB63-ACB0-453A-807E-8F3E45957786}.Release|x64.ActiveCfg = Release|Any CPU
		{E57BAB63-ACB0-453A-807E-8F3E45957786}.Release|x64.Build.0 = Release|Any CPU
		{E57BAB63-ACB0-453A-807E-8F3E45957786}.Release|x86.ActiveCfg = Release|Any CPU
		{E57BAB63-ACB0-453A-807E-8F3E45957786}.Release|x86.Build.0 = Release|Any CPU
		{5C91ABFB-D611-4549-8698-F1111A983443}.Debug|Any CPU.ActiveCfg = Debug|Any CPU
		{5C91ABFB-D611-4549-8698-F1111A983443}.Debug|Any CPU.Build.0 = Debug|Any CPU
		{5C91ABFB-D611-4549-8698-F1111A983443}.Debug|x64.ActiveCfg = Debug|Any CPU
		{5C91ABFB-D611-4549-8698-F1111A983443}.Debug|x64.Build.0 = Debug|Any CPU
		{5C91ABFB-D611-4549-8698-F1111A983443}.Debug|x86.ActiveCfg = Debug|Any CPU
		{5C91ABFB-D611-4549-8698-F1111A983443}.Debug|x86.Build.0 = Debug|Any CPU
		{5C91ABFB-D611-4549-8698-F1111A983443}.Release|Any CPU.ActiveCfg = Release|Any CPU
		{5C91ABFB-D611-4549-8698-F1111A983443}.Release|Any CPU.Build.0 = Release|Any CPU
		{5C91ABFB-D611-4549-8698-F1111A983443}.Release|x64.ActiveCfg = Release|Any CPU
		{5C91ABFB-D611-4549-8698-F1111A983443}.Release|x64.Build.0 = Release|Any CPU
		{5C91ABFB-D611-4549-8698-F1111A983443}.Release|x86.ActiveCfg = Release|Any CPU
		{5C91ABFB-D611-4549-8698-F1111A983443}.Release|x86.Build.0 = Release|Any CPU
		{63BFA818-0415-48EB-AB7F-A187200A70BF}.Debug|Any CPU.ActiveCfg = Debug|Any CPU
		{63BFA818-0415-48EB-AB7F-A187200A70BF}.Debug|Any CPU.Build.0 = Debug|Any CPU
		{63BFA818-0415-48EB-AB7F-A187200A70BF}.Debug|x64.ActiveCfg = Debug|Any CPU
		{63BFA818-0415-48EB-AB7F-A187200A70BF}.Debug|x64.Build.0 = Debug|Any CPU
		{63BFA818-0415-48EB-AB7F-A187200A70BF}.Debug|x86.ActiveCfg = Debug|Any CPU
		{63BFA818-0415-48EB-AB7F-A187200A70BF}.Debug|x86.Build.0 = Debug|Any CPU
		{63BFA818-0415-48EB-AB7F-A187200A70BF}.Release|Any CPU.ActiveCfg = Release|Any CPU
		{63BFA818-0415-48EB-AB7F-A187200A70BF}.Release|Any CPU.Build.0 = Release|Any CPU
		{63BFA818-0415-48EB-AB7F-A187200A70BF}.Release|x64.ActiveCfg = Release|Any CPU
		{63BFA818-0415-48EB-AB7F-A187200A70BF}.Release|x64.Build.0 = Release|Any CPU
		{63BFA818-0415-48EB-AB7F-A187200A70BF}.Release|x86.ActiveCfg = Release|Any CPU
		{63BFA818-0415-48EB-AB7F-A187200A70BF}.Release|x86.Build.0 = Release|Any CPU
		{F0DB5624-9D96-43AE-A097-14DC8F606F63}.Debug|Any CPU.ActiveCfg = Debug|Any CPU
		{F0DB5624-9D96-43AE-A097-14DC8F606F63}.Debug|Any CPU.Build.0 = Debug|Any CPU
		{F0DB5624-9D96-43AE-A097-14DC8F606F63}.Debug|x64.ActiveCfg = Debug|Any CPU
		{F0DB5624-9D96-43AE-A097-14DC8F606F63}.Debug|x64.Build.0 = Debug|Any CPU
		{F0DB5624-9D96-43AE-A097-14DC8F606F63}.Debug|x86.ActiveCfg = Debug|Any CPU
		{F0DB5624-9D96-43AE-A097-14DC8F606F63}.Debug|x86.Build.0 = Debug|Any CPU
		{F0DB5624-9D96-43AE-A097-14DC8F606F63}.Release|Any CPU.ActiveCfg = Release|Any CPU
		{F0DB5624-9D96-43AE-A097-14DC8F606F63}.Release|Any CPU.Build.0 = Release|Any CPU
		{F0DB5624-9D96-43AE-A097-14DC8F606F63}.Release|x64.ActiveCfg = Release|Any CPU
		{F0DB5624-9D96-43AE-A097-14DC8F606F63}.Release|x64.Build.0 = Release|Any CPU
		{F0DB5624-9D96-43AE-A097-14DC8F606F63}.Release|x86.ActiveCfg = Release|Any CPU
		{F0DB5624-9D96-43AE-A097-14DC8F606F63}.Release|x86.Build.0 = Release|Any CPU
	EndGlobalSection
	GlobalSection(SolutionProperties) = preSolution
		HideSolutionNode = FALSE
	EndGlobalSection
	GlobalSection(NestedProjects) = preSolution
		{552B284B-E448-4D5E-9F6A-7ADAC0C3A06B} = {BF681C3C-C5DC-46D2-86F1-7BA2EBA527D2}
		{31E6CE4F-506E-4147-B96B-6B3DA2CE21F1} = {BF681C3C-C5DC-46D2-86F1-7BA2EBA527D2}
		{77FFC674-758F-42BE-90BF-347E4F982482} = {BF681C3C-C5DC-46D2-86F1-7BA2EBA527D2}
		{7AF00ABC-A60D-4D07-BB00-EE0C355570EF} = {BF681C3C-C5DC-46D2-86F1-7BA2EBA527D2}
		{E57BAB63-ACB0-453A-807E-8F3E45957786} = {BF681C3C-C5DC-46D2-86F1-7BA2EBA527D2}
		{5C91ABFB-D611-4549-8698-F1111A983443} = {BF681C3C-C5DC-46D2-86F1-7BA2EBA527D2}
		{63BFA818-0415-48EB-AB7F-A187200A70BF} = {BF681C3C-C5DC-46D2-86F1-7BA2EBA527D2}
		{F0DB5624-9D96-43AE-A097-14DC8F606F63} = {BF681C3C-C5DC-46D2-86F1-7BA2EBA527D2}
	EndGlobalSection
EndGlobal
